<Solution>
  <Folder Name="/src/">
    <Project Path="src/HetznerDrive.App/HetznerDrive.App.csproj" />
    <Project Path="src/HetznerDrive.CloudFiles/HetznerDrive.CloudFiles.csproj" />
    <Project Path="src/HetznerDrive.Core/HetznerDrive.Core.csproj" />
    <Project Path="src/HetznerDrive.Tests/HetznerDrive.Tests.csproj" />
  </Folder>
</Solution>
